// !$*UTF8*$!
{
	archiveVersion = 1;
	classes = {
	};
	objectVersion = 56;
	objects = {

/* Begin PBXBuildFile section */
		A33C727E29A4645700BB5095 /* LiveActivityExampleApp.swift in Sources */ = {isa = PBXBuildFile; fileRef = A33C727D29A4645700BB5095 /* LiveActivityExampleApp.swift */; };
		A33C728029A4645700BB5095 /* ContentView.swift in Sources */ = {isa = PBXBuildFile; fileRef = A33C727F29A4645700BB5095 /* ContentView.swift */; };
		A33C728229A4645800BB5095 /* Assets.xcassets in Resources */ = {isa = PBXBuildFile; fileRef = A33C728129A4645800BB5095 /* Assets.xcassets */; };
		A33C728529A4645800BB5095 /* Preview Assets.xcassets in Resources */ = {isa = PBXBuildFile; fileRef = A33C728429A4645800BB5095 /* Preview Assets.xcassets */; };
		A33C729229A4647A00BB5095 /* WidgetKit.framework in Frameworks */ = {isa = PBXBuildFile; fileRef = A33C729129A4647A00BB5095 /* WidgetKit.framework */; };
		A33C729429A4647A00BB5095 /* SwiftUI.framework in Frameworks */ = {isa = PBXBuildFile; fileRef = A33C729329A4647A00BB5095 /* SwiftUI.framework */; };
		A33C729729A4647A00BB5095 /* MyWidgetExtensionBundle.swift in Sources */ = {isa = PBXBuildFile; fileRef = A33C729629A4647A00BB5095 /* MyWidgetExtensionBundle.swift */; };
		A33C729929A4647A00BB5095 /* MyWidgetExtensionLiveActivity.swift in Sources */ = {isa = PBXBuildFile; fileRef = A33C729829A4647A00BB5095 /* MyWidgetExtensionLiveActivity.swift */; };
		A33C729B29A4647A00BB5095 /* MyWidgetExtension.swift in Sources */ = {isa = PBXBuildFile; fileRef = A33C729A29A4647A00BB5095 /* MyWidgetExtension.swift */; };
		A33C729D29A4647B00BB5095 /* Assets.xcassets in Resources */ = {isa = PBXBuildFile; fileRef = A33C729C29A4647B00BB5095 /* Assets.xcassets */; };
		A33C72A129A4647B00BB5095 /* MyWidgetExtensionExtension.appex in Embed Foundation Extensions */ = {isa = PBXBuildFile; fileRef = A33C728F29A4647A00BB5095 /* MyWidgetExtensionExtension.appex */; settings = {ATTRIBUTES = (RemoveHeadersOnCopy, ); }; };
		A33C72A729A464E300BB5095 /* MyWidgetExtensionAttributes.swift in Sources */ = {isa = PBXBuildFile; fileRef = A33C72A629A464E300BB5095 /* MyWidgetExtensionAttributes.swift */; };
		A33C72A829A464F400BB5095 /* MyWidgetExtensionAttributes.swift in Sources */ = {isa = PBXBuildFile; fileRef = A33C72A629A464E300BB5095 /* MyWidgetExtensionAttributes.swift */; };
		A33C72AA29A4655C00BB5095 /* MyLiveActivityManager.swift in Sources */ = {isa = PBXBuildFile; fileRef = A33C72A929A4655C00BB5095 /* MyLiveActivityManager.swift */; };
		A33C72AC29A465D200BB5095 /* LocationManager.swift in Sources */ = {isa = PBXBuildFile; fileRef = A33C72AB29A465D200BB5095 /* LocationManager.swift */; };
/* End PBXBuildFile section */

/* Begin PBXContainerItemProxy section */
		A33C729F29A4647B00BB5095 /* PBXContainerItemProxy */ = {
			isa = PBXContainerItemProxy;
			containerPortal = A33C727229A4645700BB5095 /* Project object */;
			proxyType = 1;
			remoteGlobalIDString = A33C728E29A4647A00BB5095;
			remoteInfo = MyWidgetExtensionExtension;
		};
/* End PBXContainerItemProxy section */

/* Begin PBXCopyFilesBuildPhase section */
		A33C72A529A4647B00BB5095 /* Embed Foundation Extensions */ = {
			isa = PBXCopyFilesBuildPhase;
			buildActionMask = 2147483647;
			dstPath = "";
			dstSubfolderSpec = 13;
			files = (
				A33C72A129A4647B00BB5095 /* MyWidgetExtensionExtension.appex in Embed Foundation Extensions */,
			);
			name = "Embed Foundation Extensions";
			runOnlyForDeploymentPostprocessing = 0;
		};
/* End PBXCopyFilesBuildPhase section */

/* Begin PBXFileReference section */
		A317BEA929A4698000F2BBEE /* Info.plist */ = {isa = PBXFileReference; lastKnownFileType = text.plist; path = Info.plist; sourceTree = "<group>"; };
		A33C727A29A4645700BB5095 /* LiveActivityExample.app */ = {isa = PBXFileReference; explicitFileType = wrapper.application; includeInIndex = 0; path = LiveActivityExample.app; sourceTree = BUILT_PRODUCTS_DIR; };
		A33C727D29A4645700BB5095 /* LiveActivityExampleApp.swift */ = {isa = PBXFileReference; lastKnownFileType = sourcecode.swift; path = LiveActivityExampleApp.swift; sourceTree = "<group>"; };
		A33C727F29A4645700BB5095 /* ContentView.swift */ = {isa = PBXFileReference; lastKnownFileType = sourcecode.swift; path = ContentView.swift; sourceTree = "<group>"; };
		A33C728129A4645800BB5095 /* Assets.xcassets */ = {isa = PBXFileReference; lastKnownFileType = folder.assetcatalog; path = Assets.xcassets; sourceTree = "<group>"; };
		A33C728429A4645800BB5095 /* Preview Assets.xcassets */ = {isa = PBXFileReference; lastKnownFileType = folder.assetcatalog; path = "Preview Assets.xcassets"; sourceTree = "<group>"; };
		A33C728F29A4647A00BB5095 /* MyWidgetExtensionExtension.appex */ = {isa = PBXFileReference; explicitFileType = "wrapper.app-extension"; includeInIndex = 0; path = MyWidgetExtensionExtension.appex; sourceTree = BUILT_PRODUCTS_DIR; };
		A33C729129A4647A00BB5095 /* WidgetKit.framework */ = {isa = PBXFileReference; lastKnownFileType = wrapper.framework; name = WidgetKit.framework; path = System/Library/Frameworks/WidgetKit.framework; sourceTree = SDKROOT; };
		A33C729329A4647A00BB5095 /* SwiftUI.framework */ = {isa = PBXFileReference; lastKnownFileType = wrapper.framework; name = SwiftUI.framework; path = System/Library/Frameworks/SwiftUI.framework; sourceTree = SDKROOT; };
		A33C729629A4647A00BB5095 /* MyWidgetExtensionBundle.swift */ = {isa = PBXFileReference; lastKnownFileType = sourcecode.swift; path = MyWidgetExtensionBundle.swift; sourceTree = "<group>"; };
		A33C729829A4647A00BB5095 /* MyWidgetExtensionLiveActivity.swift */ = {isa = PBXFileReference; lastKnownFileType = sourcecode.swift; path = MyWidgetExtensionLiveActivity.swift; sourceTree = "<group>"; };
		A33C729A29A4647A00BB5095 /* MyWidgetExtension.swift */ = {isa = PBXFileReference; lastKnownFileType = sourcecode.swift; path = MyWidgetExtension.swift; sourceTree = "<group>"; };
		A33C729C29A4647B00BB5095 /* Assets.xcassets */ = {isa = PBXFileReference; lastKnownFileType = folder.assetcatalog; path = Assets.xcassets; sourceTree = "<group>"; };
		A33C729E29A4647B00BB5095 /* Info.plist */ = {isa = PBXFileReference; lastKnownFileType = text.plist.xml; path = Info.plist; sourceTree = "<group>"; };
		A33C72A629A464E300BB5095 /* MyWidgetExtensionAttributes.swift */ = {isa = PBXFileReference; lastKnownFileType = sourcecode.swift; path = MyWidgetExtensionAttributes.swift; sourceTree = "<group>"; };
		A33C72A929A4655C00BB5095 /* MyLiveActivityManager.swift */ = {isa = PBXFileReference; lastKnownFileType = sourcecode.swift; path = MyLiveActivityManager.swift; sourceTree = "<group>"; };
		A33C72AB29A465D200BB5095 /* LocationManager.swift */ = {isa = PBXFileReference; lastKnownFileType = sourcecode.swift; path = LocationManager.swift; sourceTree = "<group>"; };
/* End PBXFileReference section */

/* Begin PBXFrameworksBuildPhase section */
		A33C727729A4645700BB5095 /* Frameworks */ = {
			isa = PBXFrameworksBuildPhase;
			buildActionMask = 2147483647;
			files = (
			);
			runOnlyForDeploymentPostprocessing = 0;
		};
		A33C728C29A4647A00BB5095 /* Frameworks */ = {
			isa = PBXFrameworksBuildPhase;
			buildActionMask = 2147483647;
			files = (
				A33C729429A4647A00BB5095 /* SwiftUI.framework in Frameworks */,
				A33C729229A4647A00BB5095 /* WidgetKit.framework in Frameworks */,
			);
			runOnlyForDeploymentPostprocessing = 0;
		};
/* End PBXFrameworksBuildPhase section */

/* Begin PBXGroup section */
		A33C727129A4645700BB5095 = {
			isa = PBXGroup;
			children = (
				A33C727C29A4645700BB5095 /* LiveActivityExample */,
				A33C729529A4647A00BB5095 /* MyWidgetExtension */,
				A33C729029A4647A00BB5095 /* Frameworks */,
				A33C727B29A4645700BB5095 /* Products */,
			);
			sourceTree = "<group>";
		};
		A33C727B29A4645700BB5095 /* Products */ = {
			isa = PBXGroup;
			children = (
				A33C727A29A4645700BB5095 /* LiveActivityExample.app */,
				A33C728F29A4647A00BB5095 /* MyWidgetExtensionExtension.appex */,
			);
			name = Products;
			sourceTree = "<group>";
		};
		A33C727C29A4645700BB5095 /* LiveActivityExample */ = {
			isa = PBXGroup;
			children = (
				A317BEA929A4698000F2BBEE /* Info.plist */,
				A33C727D29A4645700BB5095 /* LiveActivityExampleApp.swift */,
				A33C727F29A4645700BB5095 /* ContentView.swift */,
				A33C728129A4645800BB5095 /* Assets.xcassets */,
				A33C728329A4645800BB5095 /* Preview Content */,
				A33C72A929A4655C00BB5095 /* MyLiveActivityManager.swift */,
				A33C72AB29A465D200BB5095 /* LocationManager.swift */,
			);
			path = LiveActivityExample;
			sourceTree = "<group>";
		};
		A33C728329A4645800BB5095 /* Preview Content */ = {
			isa = PBXGroup;
			children = (
				A33C728429A4645800BB5095 /* Preview Assets.xcassets */,
			);
			path = "Preview Content";
			sourceTree = "<group>";
		};
		A33C729029A4647A00BB5095 /* Frameworks */ = {
			isa = PBXGroup;
			children = (
				A33C729129A4647A00BB5095 /* WidgetKit.framework */,
				A33C729329A4647A00BB5095 /* SwiftUI.framework */,
			);
			name = Frameworks;
			sourceTree = "<group>";
		};
		A33C729529A4647A00BB5095 /* MyWidgetExtension */ = {
			isa = PBXGroup;
			children = (
				A33C729629A4647A00BB5095 /* MyWidgetExtensionBundle.swift */,
				A33C729829A4647A00BB5095 /* MyWidgetExtensionLiveActivity.swift */,
				A33C729A29A4647A00BB5095 /* MyWidgetExtension.swift */,
				A33C729C29A4647B00BB5095 /* Assets.xcassets */,
				A33C729E29A4647B00BB5095 /* Info.plist */,
				A33C72A629A464E300BB5095 /* MyWidgetExtensionAttributes.swift */,
			);
			path = MyWidgetExtension;
			sourceTree = "<group>";
		};
/* End PBXGroup section */

/* Begin PBXNativeTarget section */
		A33C727929A4645700BB5095 /* LiveActivityExample */ = {
			isa = PBXNativeTarget;
			buildConfigurationList = A33C728829A4645800BB5095 /* Build configuration list for PBXNativeTarget "LiveActivityExample" */;
			buildPhases = (
				A33C727629A4645700BB5095 /* Sources */,
				A33C727729A4645700BB5095 /* Frameworks */,
				A33C727829A4645700BB5095 /* Resources */,
				A33C72A529A4647B00BB5095 /* Embed Foundation Extensions */,
			);
			buildRules = (
			);
			dependencies = (
				A33C72A029A4647B00BB5095 /* PBXTargetDependency */,
			);
			name = LiveActivityExample;
			productName = LiveActivityExample;
			productReference = A33C727A29A4645700BB5095 /* LiveActivityExample.app */;
			productType = "com.apple.product-type.application";
		};
		A33C728E29A4647A00BB5095 /* MyWidgetExtensionExtension */ = {
			isa = PBXNativeTarget;
			buildConfigurationList = A33C72A229A4647B00BB5095 /* Build configuration list for PBXNativeTarget "MyWidgetExtensionExtension" */;
			buildPhases = (
				A33C728B29A4647A00BB5095 /* Sources */,
				A33C728C29A4647A00BB5095 /* Frameworks */,
				A33C728D29A4647A00BB5095 /* Resources */,
			);
			buildRules = (
			);
			dependencies = (
			);
			name = MyWidgetExtensionExtension;
			productName = MyWidgetExtensionExtension;
			productReference = A33C728F29A4647A00BB5095 /* MyWidgetExtensionExtension.appex */;
			productType = "com.apple.product-type.app-extension";
		};
/* End PBXNativeTarget section */

/* Begin PBXProject section */
		A33C727229A4645700BB5095 /* Project object */ = {
			isa = PBXProject;
			attributes = {
				BuildIndependentTargetsInParallel = 1;
				LastSwiftUpdateCheck = 1420;
				LastUpgradeCheck = 1420;
				TargetAttributes = {
					A33C727929A4645700BB5095 = {
						CreatedOnToolsVersion = 14.2;
					};
					A33C728E29A4647A00BB5095 = {
						CreatedOnToolsVersion = 14.2;
					};
				};
			};
			buildConfigurationList = A33C727529A4645700BB5095 /* Build configuration list for PBXProject "LiveActivityExample" */;
			compatibilityVersion = "Xcode 14.0";
			developmentRegion = en;
			hasScannedForEncodings = 0;
			knownRegions = (
				en,
				Base,
			);
			mainGroup = A33C727129A4645700BB5095;
			productRefGroup = A33C727B29A4645700BB5095 /* Products */;
			projectDirPath = "";
			projectRoot = "";
			targets = (
				A33C727929A4645700BB5095 /* LiveActivityExample */,
				A33C728E29A4647A00BB5095 /* MyWidgetExtensionExtension */,
			);
		};
/* End PBXProject section */

/* Begin PBXResourcesBuildPhase section */
		A33C727829A4645700BB5095 /* Resources */ = {
			isa = PBXResourcesBuildPhase;
			buildActionMask = 2147483647;
			files = (
				A33C728529A4645800BB5095 /* Preview Assets.xcassets in Resources */,
				A33C728229A4645800BB5095 /* Assets.xcassets in Resources */,
			);
			runOnlyForDeploymentPostprocessing = 0;
		};
		A33C728D29A4647A00BB5095 /* Resources */ = {
			isa = PBXResourcesBuildPhase;
			buildActionMask = 2147483647;
			files = (
				A33C729D29A4647B00BB5095 /* Assets.xcassets in Resources */,
			);
			runOnlyForDeploymentPostprocessing = 0;
		};
/* End PBXResourcesBuildPhase section */

/* Begin PBXSourcesBuildPhase section */
		A33C727629A4645700BB5095 /* Sources */ = {
			isa = PBXSourcesBuildPhase;
			buildActionMask = 2147483647;
			files = (
				A33C72AA29A4655C00BB5095 /* MyLiveActivityManager.swift in Sources */,
				A33C728029A4645700BB5095 /* ContentView.swift in Sources */,
				A33C72AC29A465D200BB5095 /* LocationManager.swift in Sources */,
				A33C72A729A464E300BB5095 /* MyWidgetExtensionAttributes.swift in Sources */,
				A33C727E29A4645700BB5095 /* LiveActivityExampleApp.swift in Sources */,
			);
			runOnlyForDeploymentPostprocessing = 0;
		};
		A33C728B29A4647A00BB5095 /* Sources */ = {
			isa = PBXSourcesBuildPhase;
			buildActionMask = 2147483647;
			files = (
				A33C729929A4647A00BB5095 /* MyWidgetExtensionLiveActivity.swift in Sources */,
				A33C729729A4647A00BB5095 /* MyWidgetExtensionBundle.swift in Sources */,
				A33C72A829A464F400BB5095 /* MyWidgetExtensionAttributes.swift in Sources */,
				A33C729B29A4647A00BB5095 /* MyWidgetExtension.swift in Sources */,
			);
			runOnlyForDeploymentPostprocessing = 0;
		};
/* End PBXSourcesBuildPhase section */

/* Begin PBXTargetDependency section */
		A33C72A029A4647B00BB5095 /* PBXTargetDependency */ = {
			isa = PBXTargetDependency;
			target = A33C728E29A4647A00BB5095 /* MyWidgetExtensionExtension */;
			targetProxy = A33C729F29A4647B00BB5095 /* PBXContainerItemProxy */;
		};
/* End PBXTargetDependency section */

/* Begin XCBuildConfiguration section */
		A33C728629A4645800BB5095 /* Debug */ = {
			isa = XCBuildConfiguration;
			buildSettings = {
				ALWAYS_SEARCH_USER_PATHS = NO;
				CLANG_ANALYZER_NONNULL = YES;
				CLANG_ANALYZER_NUMBER_OBJECT_CONVERSION = YES_AGGRESSIVE;
				CLANG_CXX_LANGUAGE_STANDARD = "gnu++20";
				CLANG_ENABLE_MODULES = YES;
				CLANG_ENABLE_OBJC_ARC = YES;
				CLANG_ENABLE_OBJC_WEAK = YES;
				CLANG_WARN_BLOCK_CAPTURE_AUTORELEASING = YES;
				CLANG_WARN_BOOL_CONVERSION = YES;
				CLANG_WARN_COMMA = YES;
				CLANG_WARN_CONSTANT_CONVERSION = YES;
				CLANG_WARN_DEPRECATED_OBJC_IMPLEMENTATIONS = YES;
				CLANG_WARN_DIRECT_OBJC_ISA_USAGE = YES_ERROR;
				CLANG_WARN_DOCUMENTATION_COMMENTS = YES;
				CLANG_WARN_EMPTY_BODY = YES;
				CLANG_WARN_ENUM_CONVERSION = YES;
				CLANG_WARN_INFINITE_RECURSION = YES;
				CLANG_WARN_INT_CONVERSION = YES;
				CLANG_WARN_NON_LITERAL_NULL_CONVERSION = YES;
				CLANG_WARN_OBJC_IMPLICIT_RETAIN_SELF = YES;
				CLANG_WARN_OBJC_LITERAL_CONVERSION = YES;
				CLANG_WARN_OBJC_ROOT_CLASS = YES_ERROR;
				CLANG_WARN_QUOTED_INCLUDE_IN_FRAMEWORK_HEADER = YES;
				CLANG_WARN_RANGE_LOOP_ANALYSIS = YES;
				CLANG_WARN_STRICT_PROTOTYPES = YES;
				CLANG_WARN_SUSPICIOUS_MOVE = YES;
				CLANG_WARN_UNGUARDED_AVAILABILITY = YES_AGGRESSIVE;
				CLANG_WARN_UNREACHABLE_CODE = YES;
				CLANG_WARN__DUPLICATE_METHOD_MATCH = YES;
				COPY_PHASE_STRIP = NO;
				DEBUG_INFORMATION_FORMAT = dwarf;
				ENABLE_STRICT_OBJC_MSGSEND = YES;
				ENABLE_TESTABILITY = YES;
				GCC_C_LANGUAGE_STANDARD = gnu11;
				GCC_DYNAMIC_NO_PIC = NO;
				GCC_NO_COMMON_BLOCKS = YES;
				GCC_OPTIMIZATION_LEVEL = 0;
				GCC_PREPROCESSOR_DEFINITIONS = (
					"DEBUG=1",
					"$(inherited)",
				);
				GCC_WARN_64_TO_32_BIT_CONVERSION = YES;
				GCC_WARN_ABOUT_RETURN_TYPE = YES_ERROR;
				GCC_WARN_UNDECLARED_SELECTOR = YES;
				GCC_WARN_UNINITIALIZED_AUTOS = YES_AGGRESSIVE;
				GCC_WARN_UNUSED_FUNCTION = YES;
				GCC_WARN_UNUSED_VARIABLE = YES;
				IPHONEOS_DEPLOYMENT_TARGET = 16.2;
				MTL_ENABLE_DEBUG_INFO = INCLUDE_SOURCE;
				MTL_FAST_MATH = YES;
				ONLY_ACTIVE_ARCH = YES;
				SDKROOT = iphoneos;
				SWIFT_ACTIVE_COMPILATION_CONDITIONS = DEBUG;
				SWIFT_OPTIMIZATION_LEVEL = "-Onone";
			};
			name = Debug;
		};
		A33C728729A4645800BB5095 /* Release */ = {
			isa = XCBuildConfiguration;
			buildSettings = {
				ALWAYS_SEARCH_USER_PATHS = NO;
				CLANG_ANALYZER_NONNULL = YES;
				CLANG_ANALYZER_NUMBER_OBJECT_CONVERSION = YES_AGGRESSIVE;
				CLANG_CXX_LANGUAGE_STANDARD = "gnu++20";
				CLANG_ENABLE_MODULES = YES;
				CLANG_ENABLE_OBJC_ARC = YES;
				CLANG_ENABLE_OBJC_WEAK = YES;
				CLANG_WARN_BLOCK_CAPTURE_AUTORELEASING = YES;
				CLANG_WARN_BOOL_CONVERSION = YES;
				CLANG_WARN_COMMA = YES;
				CLANG_WARN_CONSTANT_CONVERSION = YES;
				CLANG_WARN_DEPRECATED_OBJC_IMPLEMENTATIONS = YES;
				CLANG_WARN_DIRECT_OBJC_ISA_USAGE = YES_ERROR;
				CLANG_WARN_DOCUMENTATION_COMMENTS = YES;
				CLANG_WARN_EMPTY_BODY = YES;
				CLANG_WARN_ENUM_CONVERSION = YES;
				CLANG_WARN_INFINITE_RECURSION = YES;
				CLANG_WARN_INT_CONVERSION = YES;
				CLANG_WARN_NON_LITERAL_NULL_CONVERSION = YES;
				CLANG_WARN_OBJC_IMPLICIT_RETAIN_SELF = YES;
				CLANG_WARN_OBJC_LITERAL_CONVERSION = YES;
				CLANG_WARN_OBJC_ROOT_CLASS = YES_ERROR;
				CLANG_WARN_QUOTED_INCLUDE_IN_FRAMEWORK_HEADER = YES;
				CLANG_WARN_RANGE_LOOP_ANALYSIS = YES;
				CLANG_WARN_STRICT_PROTOTYPES = YES;
				CLANG_WARN_SUSPICIOUS_MOVE = YES;
				CLANG_WARN_UNGUARDED_AVAILABILITY = YES_AGGRESSIVE;
				CLANG_WARN_UNREACHABLE_CODE = YES;
				CLANG_WARN__DUPLICATE_METHOD_MATCH = YES;
				COPY_PHASE_STRIP = NO;
				DEBUG_INFORMATION_FORMAT = "dwarf-with-dsym";
				ENABLE_NS_ASSERTIONS = NO;
				ENABLE_STRICT_OBJC_MSGSEND = YES;
				GCC_C_LANGUAGE_STANDARD = gnu11;
				GCC_NO_COMMON_BLOCKS = YES;
				GCC_WARN_64_TO_32_BIT_CONVERSION = YES;
				GCC_WARN_ABOUT_RETURN_TYPE = YES_ERROR;
				GCC_WARN_UNDECLARED_SELECTOR = YES;
				GCC_WARN_UNINITIALIZED_AUTOS = YES_AGGRESSIVE;
				GCC_WARN_UNUSED_FUNCTION = YES;
				GCC_WARN_UNUSED_VARIABLE = YES;
				IPHONEOS_DEPLOYMENT_TARGET = 16.2;
				MTL_ENABLE_DEBUG_INFO = NO;
				MTL_FAST_MATH = YES;
				SDKROOT = iphoneos;
				SWIFT_COMPILATION_MODE = wholemodule;
				SWIFT_OPTIMIZATION_LEVEL = "-O";
				VALIDATE_PRODUCT = YES;
			};
			name = Release;
		};
		A33C728929A4645800BB5095 /* Debug */ = {
			isa = XCBuildConfiguration;
			buildSettings = {
				ALWAYS_EMBED_SWIFT_STANDARD_LIBRARIES = YES;
				ASSETCATALOG_COMPILER_APPICON_NAME = AppIcon;
				ASSETCATALOG_COMPILER_GLOBAL_ACCENT_COLOR_NAME = AccentColor;
				CODE_SIGN_STYLE = Automatic;
				CURRENT_PROJECT_VERSION = 1;
				DEVELOPMENT_ASSET_PATHS = "\"LiveActivityExample/Preview Content\"";
				DEVELOPMENT_TEAM = 7RLAPP4W9Y;
				ENABLE_PREVIEWS = YES;
				GENERATE_INFOPLIST_FILE = YES;
				INFOPLIST_FILE = LiveActivityExample/Info.plist;
				INFOPLIST_KEY_NSLocationAlwaysAndWhenInUseUsageDescription = "위치권한이 필요합니다.";
				INFOPLIST_KEY_NSLocationWhenInUseUsageDescription = "위치권한이 필요합니다.";
				INFOPLIST_KEY_NSSupportsLiveActivities = YES;
				INFOPLIST_KEY_UIApplicationSceneManifest_Generation = YES;
				INFOPLIST_KEY_UIApplicationSupportsIndirectInputEvents = YES;
				INFOPLIST_KEY_UILaunchScreen_Generation = YES;
				INFOPLIST_KEY_UISupportedInterfaceOrientations_iPad = "UIInterfaceOrientationPortrait UIInterfaceOrientationPortraitUpsideDown UIInterfaceOrientationLandscapeLeft UIInterfaceOrientationLandscapeRight";
				INFOPLIST_KEY_UISupportedInterfaceOrientations_iPhone = "UIInterfaceOrientationPortrait UIInterfaceOrientationLandscapeLeft UIInterfaceOrientationLandscapeRight";
				LD_RUNPATH_SEARCH_PATHS = (
					"$(inherited)",
					"@executable_path/Frameworks",
				);
				MARKETING_VERSION = 1.0;
				PRODUCT_BUNDLE_IDENTIFIER = dev.geonu.LiveActivityExample;
				PRODUCT_NAME = "$(TARGET_NAME)";
				SWIFT_EMIT_LOC_STRINGS = YES;
				SWIFT_VERSION = 5.0;
				TARGETED_DEVICE_FAMILY = "1,2";
			};
			name = Debug;
		};
		A33C728A29A4645800BB5095 /* Release */ = {
			isa = XCBuildConfiguration;
			buildSettings = {
				ALWAYS_EMBED_SWIFT_STANDARD_LIBRARIES = YES;
				ASSETCATALOG_COMPILER_APPICON_NAME = AppIcon;
				ASSETCATALOG_COMPILER_GLOBAL_ACCENT_COLOR_NAME = AccentColor;
				CODE_SIGN_STYLE = Automatic;
				CURRENT_PROJECT_VERSION = 1;
				DEVELOPMENT_ASSET_PATHS = "\"LiveActivityExample/Preview Content\"";
				DEVELOPMENT_TEAM = 7RLAPP4W9Y;
				ENABLE_PREVIEWS = YES;
				GENERATE_INFOPLIST_FILE = YES;
				INFOPLIST_FILE = LiveActivityExample/Info.plist;
				INFOPLIST_KEY_NSLocationAlwaysAndWhenInUseUsageDescription = "위치권한이 필요합니다.";
				INFOPLIST_KEY_NSLocationWhenInUseUsageDescription = "위치권한이 필요합니다.";
				INFOPLIST_KEY_NSSupportsLiveActivities = YES;
				INFOPLIST_KEY_UIApplicationSceneManifest_Generation = YES;
				INFOPLIST_KEY_UIApplicationSupportsIndirectInputEvents = YES;
				INFOPLIST_KEY_UILaunchScreen_Generation = YES;
				INFOPLIST_KEY_UISupportedInterfaceOrientations_iPad = "UIInterfaceOrientationPortrait UIInterfaceOrientationPortraitUpsideDown UIInterfaceOrientationLandscapeLeft UIInterfaceOrientationLandscapeRight";
				INFOPLIST_KEY_UISupportedInterfaceOrientations_iPhone = "UIInterfaceOrientationPortrait UIInterfaceOrientationLandscapeLeft UIInterfaceOrientationLandscapeRight";
				LD_RUNPATH_SEARCH_PATHS = (
					"$(inherited)",
					"@executable_path/Frameworks",
				);
				MARKETING_VERSION = 1.0;
				PRODUCT_BUNDLE_IDENTIFIER = dev.geonu.LiveActivityExample;
				PRODUCT_NAME = "$(TARGET_NAME)";
				SWIFT_EMIT_LOC_STRINGS = YES;
				SWIFT_VERSION = 5.0;
				TARGETED_DEVICE_FAMILY = "1,2";
			};
			name = Release;
		};
		A33C72A329A4647B00BB5095 /* Debug */ = {
			isa = XCBuildConfiguration;
			buildSettings = {
				ASSETCATALOG_COMPILER_GLOBAL_ACCENT_COLOR_NAME = AccentColor;
				ASSETCATALOG_COMPILER_WIDGET_BACKGROUND_COLOR_NAME = WidgetBackground;
				CODE_SIGN_STYLE = Automatic;
				CURRENT_PROJECT_VERSION = 1;
				DEVELOPMENT_TEAM = 7RLAPP4W9Y;
				GENERATE_INFOPLIST_FILE = YES;
				INFOPLIST_FILE = MyWidgetExtension/Info.plist;
				INFOPLIST_KEY_CFBundleDisplayName = MyWidgetExtension;
				INFOPLIST_KEY_NSHumanReadableCopyright = "";
				LD_RUNPATH_SEARCH_PATHS = (
					"$(inherited)",
					"@executable_path/Frameworks",
					"@executable_path/../../Frameworks",
				);
				MARKETING_VERSION = 1.0;
				PRODUCT_BUNDLE_IDENTIFIER = dev.geonu.LiveActivityExample.MyWidgetExtension;
				PRODUCT_NAME = "$(TARGET_NAME)";
				SKIP_INSTALL = YES;
				SWIFT_EMIT_LOC_STRINGS = YES;
				SWIFT_VERSION = 5.0;
				TARGETED_DEVICE_FAMILY = "1,2";
			};
			name = Debug;
		};
		A33C72A429A4647B00BB5095 /* Release */ = {
			isa = XCBuildConfiguration;
			buildSettings = {
				ASSETCATALOG_COMPILER_GLOBAL_ACCENT_COLOR_NAME = AccentColor;
				ASSETCATALOG_COMPILER_WIDGET_BACKGROUND_COLOR_NAME = WidgetBackground;
				CODE_SIGN_STYLE = Automatic;
				CURRENT_PROJECT_VERSION = 1;
				DEVELOPMENT_TEAM = 7RLAPP4W9Y;
				GENERATE_INFOPLIST_FILE = YES;
				INFOPLIST_FILE = MyWidgetExtension/Info.plist;
				INFOPLIST_KEY_CFBundleDisplayName = MyWidgetExtension;
				INFOPLIST_KEY_NSHumanReadableCopyright = "";
				LD_RUNPATH_SEARCH_PATHS = (
					"$(inherited)",
					"@executable_path/Frameworks",
					"@executable_path/../../Frameworks",
				);
				MARKETING_VERSION = 1.0;
				PRODUCT_BUNDLE_IDENTIFIER = dev.geonu.LiveActivityExample.MyWidgetExtension;
				PRODUCT_NAME = "$(TARGET_NAME)";
				SKIP_INSTALL = YES;
				SWIFT_EMIT_LOC_STRINGS = YES;
				SWIFT_VERSION = 5.0;
				TARGETED_DEVICE_FAMILY = "1,2";
			};
			name = Release;
		};
/* End XCBuildConfiguration section */

/* Begin XCConfigurationList section */
		A33C727529A4645700BB5095 /* Build configuration list for PBXProject "LiveActivityExample" */ = {
			isa = XCConfigurationList;
			buildConfigurations = (
				A33C728629A4645800BB5095 /* Debug */,
				A33C728729A4645800BB5095 /* Release */,
			);
			defaultConfigurationIsVisible = 0;
			defaultConfigurationName = Release;
		};
		A33C728829A4645800BB5095 /* Build configuration list for PBXNativeTarget "LiveActivityExample" */ = {
			isa = XCConfigurationList;
			buildConfigurations = (
				A33C728929A4645800BB5095 /* Debug */,
				A33C728A29A4645800BB5095 /* Release */,
			);
			defaultConfigurationIsVisible = 0;
			defaultConfigurationName = Release;
		};
		A33C72A229A4647B00BB5095 /* Build configuration list for PBXNativeTarget "MyWidgetExtensionExtension" */ = {
			isa = XCConfigurationList;
			buildConfigurations = (
				A33C72A329A4647B00BB5095 /* Debug */,
				A33C72A429A4647B00BB5095 /* Release */,
			);
			defaultConfigurationIsVisible = 0;
			defaultConfigurationName = Release;
		};
/* End XCConfigurationList section */
	};
	rootObject = A33C727229A4645700BB5095 /* Project object */;
}
